// !$*UTF8*$!
{
	archiveVersion = 1;
	classes = {
	};
	objectVersion = 55;
	objects = {

/* Begin PBXBuildFile section */
		5F671D7227A6B3C5001C002F /* SimpleColorPickerApp.swift in Sources */ = {isa = PBXBuildFile; fileRef = 5F671D6227A6B3C5001C002F /* SimpleColorPickerApp.swift */; };
		5F671D7327A6B3C5001C002F /* SimpleColorPickerApp.swift in Sources */ = {isa = PBXBuildFile; fileRef = 5F671D6227A6B3C5001C002F /* SimpleColorPickerApp.swift */; };
		5F671D7427A6B3C5001C002F /* ContentView.swift in Sources */ = {isa = PBXBuildFile; fileRef = 5F671D6327A6B3C5001C002F /* ContentView.swift */; };
		5F671D7527A6B3C5001C002F /* ContentView.swift in Sources */ = {isa = PBXBuildFile; fileRef = 5F671D6327A6B3C5001C002F /* ContentView.swift */; };
		5F671D7627A6B3C5001C002F /* Assets.xcassets in Resources */ = {isa = PBXBuildFile; fileRef = 5F671D6427A6B3C5001C002F /* Assets.xcassets */; };
		5F671D7727A6B3C5001C002F /* Assets.xcassets in Resources */ = {isa = PBXBuildFile; fileRef = 5F671D6427A6B3C5001C002F /* Assets.xcassets */; };
		5F671D8227A6B429001C002F /* Home.swift in Sources */ = {isa = PBXBuildFile; fileRef = 5F671D8127A6B429001C002F /* Home.swift */; };
		5F671D8327A6B429001C002F /* Home.swift in Sources */ = {isa = PBXBuildFile; fileRef = 5F671D8127A6B429001C002F /* Home.swift */; };
		5F671D8527A6B505001C002F /* CustomColorPicker.swift in Sources */ = {isa = PBXBuildFile; fileRef = 5F671D8427A6B505001C002F /* CustomColorPicker.swift */; };
		5F671D8627A6B505001C002F /* CustomColorPicker.swift in Sources */ = {isa = PBXBuildFile; fileRef = 5F671D8427A6B505001C002F /* CustomColorPicker.swift */; };
/* End PBXBuildFile section */

/* Begin PBXFileReference section */
		5F671D6227A6B3C5001C002F /* SimpleColorPickerApp.swift */ = {isa = PBXFileReference; lastKnownFileType = sourcecode.swift; path = SimpleColorPickerApp.swift; sourceTree = "<group>"; };
		5F671D6327A6B3C5001C002F /* ContentView.swift */ = {isa = PBXFileReference; lastKnownFileType = sourcecode.swift; path = ContentView.swift; sourceTree = "<group>"; };
		5F671D6427A6B3C5001C002F /* Assets.xcassets */ = {isa = PBXFileReference; lastKnownFileType = folder.assetcatalog; path = Assets.xcassets; sourceTree = "<group>"; };
		5F671D6927A6B3C5001C002F /* SimpleColorPicker.app */ = {isa = PBXFileReference; explicitFileType = wrapper.application; includeInIndex = 0; path = SimpleColorPicker.app; sourceTree = BUILT_PRODUCTS_DIR; };
		5F671D6F27A6B3C5001C002F /* SimpleColorPicker.app */ = {isa = PBXFileReference; explicitFileType = wrapper.application; includeInIndex = 0; path = SimpleColorPicker.app; sourceTree = BUILT_PRODUCTS_DIR; };
		5F671D7127A6B3C5001C002F /* macOS.entitlements */ = {isa = PBXFileReference; lastKnownFileType = text.plist.entitlements; path = macOS.entitlements; sourceTree = "<group>"; };
		5F671D8127A6B429001C002F /* Home.swift */ = {isa = PBXFileReference; lastKnownFileType = sourcecode.swift; path = Home.swift; sourceTree = "<group>"; };
		5F671D8427A6B505001C002F /* CustomColorPicker.swift */ = {isa = PBXFileReference; lastKnownFileType = sourcecode.swift; path = CustomColorPicker.swift; sourceTree = "<group>"; };
/* End PBXFileReference section */

/* Begin PBXFrameworksBuildPhase section */
		5F671D6627A6B3C5001C002F /* Frameworks */ = {
			isa = PBXFrameworksBuildPhase;
			buildActionMask = 2147483647;
			files = (
			);
			runOnlyForDeploymentPostprocessing = 0;
		};
		5F671D6C27A6B3C5001C002F /* Frameworks */ = {
			isa = PBXFrameworksBuildPhase;
			buildActionMask = 2147483647;
			files = (
			);
			runOnlyForDeploymentPostprocessing = 0;
		};
/* End PBXFrameworksBuildPhase section */

/* Begin PBXGroup section */
		5F671D5C27A6B3C4001C002F = {
			isa = PBXGroup;
			children = (
				5F671D6127A6B3C5001C002F /* Shared */,
				5F671D7027A6B3C5001C002F /* macOS */,
				5F671D6A27A6B3C5001C002F /* Products */,
			);
			sourceTree = "<group>";
		};
		5F671D6127A6B3C5001C002F /* Shared */ = {
			isa = PBXGroup;
			children = (
				5F671D8027A6B41A001C002F /* View */,
				5F671D6227A6B3C5001C002F /* SimpleColorPickerApp.swift */,
				5F671D6327A6B3C5001C002F /* ContentView.swift */,
				5F671D6427A6B3C5001C002F /* Assets.xcassets */,
			);
			path = Shared;
			sourceTree = "<group>";
		};
		5F671D6A27A6B3C5001C002F /* Products */ = {
			isa = PBXGroup;
			children = (
				5F671D6927A6B3C5001C002F /* SimpleColorPicker.app */,
				5F671D6F27A6B3C5001C002F /* SimpleColorPicker.app */,
			);
			name = Products;
			sourceTree = "<group>";
		};
		5F671D7027A6B3C5001C002F /* macOS */ = {
			isa = PBXGroup;
			children = (
				5F671D7127A6B3C5001C002F /* macOS.entitlements */,
			);
			path = macOS;
			sourceTree = "<group>";
		};
		5F671D8027A6B41A001C002F /* View */ = {
			isa = PBXGroup;
			children = (
				5F671D8127A6B429001C002F /* Home.swift */,
				5F671D8427A6B505001C002F /* CustomColorPicker.swift */,
			);
			path = View;
			sourceTree = "<group>";
		};
/* End PBXGroup section */

/* Begin PBXNativeTarget section */
		5F671D6827A6B3C5001C002F /* SimpleColorPicker (iOS) */ = {
			isa = PBXNativeTarget;
			buildConfigurationList = 5F671D7A27A6B3C5001C002F /* Build configuration list for PBXNativeTarget "SimpleColorPicker (iOS)" */;
			buildPhases = (
				5F671D6527A6B3C5001C002F /* Sources */,
				5F671D6627A6B3C5001C002F /* Frameworks */,
				5F671D6727A6B3C5001C002F /* Resources */,
			);
			buildRules = (
			);
			dependencies = (
			);
			name = "SimpleColorPicker (iOS)";
			productName = "SimpleColorPicker (iOS)";
			productReference = 5F671D6927A6B3C5001C002F /* SimpleColorPicker.app */;
			productType = "com.apple.product-type.application";
		};
		5F671D6E27A6B3C5001C002F /* SimpleColorPicker (macOS) */ = {
			isa = PBXNativeTarget;
			buildConfigurationList = 5F671D7D27A6B3C5001C002F /* Build configuration list for PBXNativeTarget "SimpleColorPicker (macOS)" */;
			buildPhases = (
				5F671D6B27A6B3C5001C002F /* Sources */,
				5F671D6C27A6B3C5001C002F /* Frameworks */,
				5F671D6D27A6B3C5001C002F /* Resources */,
			);
			buildRules = (
			);
			dependencies = (
			);
			name = "SimpleColorPicker (macOS)";
			productName = "SimpleColorPicker (macOS)";
			productReference = 5F671D6F27A6B3C5001C002F /* SimpleColorPicker.app */;
			productType = "com.apple.product-type.application";
		};
/* End PBXNativeTarget section */

/* Begin PBXProject section */
		5F671D5D27A6B3C4001C002F /* Project object */ = {
			isa = PBXProject;
			attributes = {
				BuildIndependentTargetsInParallel = 1;
				LastSwiftUpdateCheck = 1320;
				LastUpgradeCheck = 1320;
				TargetAttributes = {
					5F671D6827A6B3C5001C002F = {
						CreatedOnToolsVersion = 13.2.1;
					};
					5F671D6E27A6B3C5001C002F = {
						CreatedOnToolsVersion = 13.2.1;
					};
				};
			};
			buildConfigurationList = 5F671D6027A6B3C4001C002F /* Build configuration list for PBXProject "SimpleColorPicker" */;
			compatibilityVersion = "Xcode 13.0";
			developmentRegion = en;
			hasScannedForEncodings = 0;
			knownRegions = (
				en,
				Base,
			);
			mainGroup = 5F671D5C27A6B3C4001C002F;
			productRefGroup = 5F671D6A27A6B3C5001C002F /* Products */;
			projectDirPath = "";
			projectRoot = "";
			targets = (
				5F671D6827A6B3C5001C002F /* SimpleColorPicker (iOS) */,
				5F671D6E27A6B3C5001C002F /* SimpleColorPicker (macOS) */,
			);
		};
/* End PBXProject section */

/* Begin PBXResourcesBuildPhase section */
		5F671D6727A6B3C5001C002F /* Resources */ = {
			isa = PBXResourcesBuildPhase;
			buildActionMask = 2147483647;
			files = (
				5F671D7627A6B3C5001C002F /* Assets.xcassets in Resources */,
			);
			runOnlyForDeploymentPostprocessing = 0;
		};
		5F671D6D27A6B3C5001C002F /* Resources */ = {
			isa = PBXResourcesBuildPhase;
			buildActionMask = 2147483647;
			files = (
				5F671D7727A6B3C5001C002F /* Assets.xcassets in Resources */,
			);
			runOnlyForDeploymentPostprocessing = 0;
		};
/* End PBXResourcesBuildPhase section */

/* Begin PBXSourcesBuildPhase section */
		5F671D6527A6B3C5001C002F /* Sources */ = {
			isa = PBXSourcesBuildPhase;
			buildActionMask = 2147483647;
			files = (
				5F671D7427A6B3C5001C002F /* ContentView.swift in Sources */,
				5F671D8227A6B429001C002F /* Home.swift in Sources */,
				5F671D8527A6B505001C002F /* CustomColorPicker.swift in Sources */,
				5F671D7227A6B3C5001C002F /* SimpleColorPickerApp.swift in Sources */,
			);
			runOnlyForDeploymentPostprocessing = 0;
		};
		5F671D6B27A6B3C5001C002F /* Sources */ = {
			isa = PBXSourcesBuildPhase;
			buildActionMask = 2147483647;
			files = (
				5F671D7527A6B3C5001C002F /* ContentView.swift in Sources */,
				5F671D8327A6B429001C002F /* Home.swift in Sources */,
				5F671D8627A6B505001C002F /* CustomColorPicker.swift in Sources */,
				5F671D7327A6B3C5001C002F /* SimpleColorPickerApp.swift in Sources */,
			);
			runOnlyForDeploymentPostprocessing = 0;
		};
/* End PBXSourcesBuildPhase section */

/* Begin XCBuildConfiguration section */
		5F671D7827A6B3C5001C002F /* Debug */ = {
			isa = XCBuildConfiguration;
			buildSettings = {
				ALWAYS_SEARCH_USER_PATHS = NO;
				CLANG_ANALYZER_NONNULL = YES;
				CLANG_ANALYZER_NUMBER_OBJECT_CONVERSION = YES_AGGRESSIVE;
				CLANG_CXX_LANGUAGE_STANDARD = "gnu++17";
				CLANG_CXX_LIBRARY = "libc++";
				CLANG_ENABLE_MODULES = YES;
				CLANG_ENABLE_OBJC_ARC = YES;
				CLANG_ENABLE_OBJC_WEAK = YES;
				CLANG_WARN_BLOCK_CAPTURE_AUTORELEASING = YES;
				CLANG_WARN_BOOL_CONVERSION = YES;
				CLANG_WARN_COMMA = YES;
				CLANG_WARN_CONSTANT_CONVERSION = YES;
				CLANG_WARN_DEPRECATED_OBJC_IMPLEMENTATIONS = YES;
				CLANG_WARN_DIRECT_OBJC_ISA_USAGE = YES_ERROR;
				CLANG_WARN_DOCUMENTATION_COMMENTS = YES;
				CLANG_WARN_EMPTY_BODY = YES;
				CLANG_WARN_ENUM_CONVERSION = YES;
				CLANG_WARN_INFINITE_RECURSION = YES;
				CLANG_WARN_INT_CONVERSION = YES;
				CLANG_WARN_NON_LITERAL_NULL_CONVERSION = YES;
				CLANG_WARN_OBJC_IMPLICIT_RETAIN_SELF = YES;
				CLANG_WARN_OBJC_LITERAL_CONVERSION = YES;
				CLANG_WARN_OBJC_ROOT_CLASS = YES_ERROR;
				CLANG_WARN_QUOTED_INCLUDE_IN_FRAMEWORK_HEADER = YES;
				CLANG_WARN_RANGE_LOOP_ANALYSIS = YES;
				CLANG_WARN_STRICT_PROTOTYPES = YES;
				CLANG_WARN_SUSPICIOUS_MOVE = YES;
				CLANG_WARN_UNGUARDED_AVAILABILITY = YES_AGGRESSIVE;
				CLANG_WARN_UNREACHABLE_CODE = YES;
				CLANG_WARN__DUPLICATE_METHOD_MATCH = YES;
				COPY_PHASE_STRIP = NO;
				DEBUG_INFORMATION_FORMAT = dwarf;
				ENABLE_STRICT_OBJC_MSGSEND = YES;
				ENABLE_TESTABILITY = YES;
				GCC_C_LANGUAGE_STANDARD = gnu11;
				GCC_DYNAMIC_NO_PIC = NO;
				GCC_NO_COMMON_BLOCKS = YES;
				GCC_OPTIMIZATION_LEVEL = 0;
				GCC_PREPROCESSOR_DEFINITIONS = (
					"DEBUG=1",
					"$(inherited)",
				);
				GCC_WARN_64_TO_32_BIT_CONVERSION = YES;
				GCC_WARN_ABOUT_RETURN_TYPE = YES_ERROR;
				GCC_WARN_UNDECLARED_SELECTOR = YES;
				GCC_WARN_UNINITIALIZED_AUTOS = YES_AGGRESSIVE;
				GCC_WARN_UNUSED_FUNCTION = YES;
				GCC_WARN_UNUSED_VARIABLE = YES;
				MTL_ENABLE_DEBUG_INFO = INCLUDE_SOURCE;
				MTL_FAST_MATH = YES;
				ONLY_ACTIVE_ARCH = YES;
				SWIFT_ACTIVE_COMPILATION_CONDITIONS = DEBUG;
				SWIFT_OPTIMIZATION_LEVEL = "-Onone";
			};
			name = Debug;
		};
		5F671D7927A6B3C5001C002F /* Release */ = {
			isa = XCBuildConfiguration;
			buildSettings = {
				ALWAYS_SEARCH_USER_PATHS = NO;
				CLANG_ANALYZER_NONNULL = YES;
				CLANG_ANALYZER_NUMBER_OBJECT_CONVERSION = YES_AGGRESSIVE;
				CLANG_CXX_LANGUAGE_STANDARD = "gnu++17";
				CLANG_CXX_LIBRARY = "libc++";
				CLANG_ENABLE_MODULES = YES;
				CLANG_ENABLE_OBJC_ARC = YES;
				CLANG_ENABLE_OBJC_WEAK = YES;
				CLANG_WARN_BLOCK_CAPTURE_AUTORELEASING = YES;
				CLANG_WARN_BOOL_CONVERSION = YES;
				CLANG_WARN_COMMA = YES;
				CLANG_WARN_CONSTANT_CONVERSION = YES;
				CLANG_WARN_DEPRECATED_OBJC_IMPLEMENTATIONS = YES;
				CLANG_WARN_DIRECT_OBJC_ISA_USAGE = YES_ERROR;
				CLANG_WARN_DOCUMENTATION_COMMENTS = YES;
				CLANG_WARN_EMPTY_BODY = YES;
				CLANG_WARN_ENUM_CONVERSION = YES;
				CLANG_WARN_INFINITE_RECURSION = YES;
				CLANG_WARN_INT_CONVERSION = YES;
				CLANG_WARN_NON_LITERAL_NULL_CONVERSION = YES;
				CLANG_WARN_OBJC_IMPLICIT_RETAIN_SELF = YES;
				CLANG_WARN_OBJC_LITERAL_CONVERSION = YES;
				CLANG_WARN_OBJC_ROOT_CLASS = YES_ERROR;
				CLANG_WARN_QUOTED_INCLUDE_IN_FRAMEWORK_HEADER = YES;
				CLANG_WARN_RANGE_LOOP_ANALYSIS = YES;
				CLANG_WARN_STRICT_PROTOTYPES = YES;
				CLANG_WARN_SUSPICIOUS_MOVE = YES;
				CLANG_WARN_UNGUARDED_AVAILABILITY = YES_AGGRESSIVE;
				CLANG_WARN_UNREACHABLE_CODE = YES;
				CLANG_WARN__DUPLICATE_METHOD_MATCH = YES;
				COPY_PHASE_STRIP = NO;
				DEBUG_INFORMATION_FORMAT = "dwarf-with-dsym";
				ENABLE_NS_ASSERTIONS = NO;
				ENABLE_STRICT_OBJC_MSGSEND = YES;
				GCC_C_LANGUAGE_STANDARD = gnu11;
				GCC_NO_COMMON_BLOCKS = YES;
				GCC_WARN_64_TO_32_BIT_CONVERSION = YES;
				GCC_WARN_ABOUT_RETURN_TYPE = YES_ERROR;
				GCC_WARN_UNDECLARED_SELECTOR = YES;
				GCC_WARN_UNINITIALIZED_AUTOS = YES_AGGRESSIVE;
				GCC_WARN_UNUSED_FUNCTION = YES;
				GCC_WARN_UNUSED_VARIABLE = YES;
				MTL_ENABLE_DEBUG_INFO = NO;
				MTL_FAST_MATH = YES;
				SWIFT_COMPILATION_MODE = wholemodule;
				SWIFT_OPTIMIZATION_LEVEL = "-O";
			};
			name = Release;
		};
		5F671D7B27A6B3C5001C002F /* Debug */ = {
			isa = XCBuildConfiguration;
			buildSettings = {
				ASSETCATALOG_COMPILER_APPICON_NAME = AppIcon;
				ASSETCATALOG_COMPILER_GLOBAL_ACCENT_COLOR_NAME = AccentColor;
				CODE_SIGN_STYLE = Automatic;
				CURRENT_PROJECT_VERSION = 1;
				DEVELOPMENT_TEAM = C6B54RTAJZ;
				ENABLE_PREVIEWS = YES;
				GENERATE_INFOPLIST_FILE = YES;
				INFOPLIST_KEY_UIApplicationSceneManifest_Generation = YES;
				INFOPLIST_KEY_UIApplicationSupportsIndirectInputEvents = YES;
				INFOPLIST_KEY_UILaunchScreen_Generation = YES;
				INFOPLIST_KEY_UISupportedInterfaceOrientations_iPad = "UIInterfaceOrientationPortrait UIInterfaceOrientationPortraitUpsideDown UIInterfaceOrientationLandscapeLeft UIInterfaceOrientationLandscapeRight";
				INFOPLIST_KEY_UISupportedInterfaceOrientations_iPhone = "UIInterfaceOrientationPortrait UIInterfaceOrientationLandscapeLeft UIInterfaceOrientationLandscapeRight";
				IPHONEOS_DEPLOYMENT_TARGET = 15.2;
				LD_RUNPATH_SEARCH_PATHS = (
					"$(inherited)",
					"@executable_path/Frameworks",
				);
				MARKETING_VERSION = 1.0;
				PRODUCT_BUNDLE_IDENTIFIER = com.Mapp.SimpleColorPicker;
				PRODUCT_NAME = SimpleColorPicker;
				SDKROOT = iphoneos;
				SWIFT_EMIT_LOC_STRINGS = YES;
				SWIFT_VERSION = 5.0;
				TARGETED_DEVICE_FAMILY = "1,2";
			};
			name = Debug;
		};
		5F671D7C27A6B3C5001C002F /* Release */ = {
			isa = XCBuildConfiguration;
			buildSettings = {
				ASSETCATALOG_COMPILER_APPICON_NAME = AppIcon;
				ASSETCATALOG_COMPILER_GLOBAL_ACCENT_COLOR_NAME = AccentColor;
				CODE_SIGN_STYLE = Automatic;
				CURRENT_PROJECT_VERSION = 1;
				DEVELOPMENT_TEAM = C6B54RTAJZ;
				ENABLE_PREVIEWS = YES;
				GENERATE_INFOPLIST_FILE = YES;
				INFOPLIST_KEY_UIApplicationSceneManifest_Generation = YES;
				INFOPLIST_KEY_UIApplicationSupportsIndirectInputEvents = YES;
				INFOPLIST_KEY_UILaunchScreen_Generation = YES;
				INFOPLIST_KEY_UISupportedInterfaceOrientations_iPad = "UIInterfaceOrientationPortrait UIInterfaceOrientationPortraitUpsideDown UIInterfaceOrientationLandscapeLeft UIInterfaceOrientationLandscapeRight";
				INFOPLIST_KEY_UISupportedInterfaceOrientations_iPhone = "UIInterfaceOrientationPortrait UIInterfaceOrientationLandscapeLeft UIInterfaceOrientationLandscapeRight";
				IPHONEOS_DEPLOYMENT_TARGET = 15.2;
				LD_RUNPATH_SEARCH_PATHS = (
					"$(inherited)",
					"@executable_path/Frameworks",
				);
				MARKETING_VERSION = 1.0;
				PRODUCT_BUNDLE_IDENTIFIER = com.Mapp.SimpleColorPicker;
				PRODUCT_NAME = SimpleColorPicker;
				SDKROOT = iphoneos;
				SWIFT_EMIT_LOC_STRINGS = YES;
				SWIFT_VERSION = 5.0;
				TARGETED_DEVICE_FAMILY = "1,2";
				VALIDATE_PRODUCT = YES;
			};
			name = Release;
		};
		5F671D7E27A6B3C5001C002F /* Debug */ = {
			isa = XCBuildConfiguration;
			buildSettings = {
				ASSETCATALOG_COMPILER_APPICON_NAME = AppIcon;
				ASSETCATALOG_COMPILER_GLOBAL_ACCENT_COLOR_NAME = AccentColor;
				CODE_SIGN_ENTITLEMENTS = macOS/macOS.entitlements;
				CODE_SIGN_STYLE = Automatic;
				COMBINE_HIDPI_IMAGES = YES;
				CURRENT_PROJECT_VERSION = 1;
				DEVELOPMENT_TEAM = C6B54RTAJZ;
				ENABLE_HARDENED_RUNTIME = YES;
				ENABLE_PREVIEWS = YES;
				GENERATE_INFOPLIST_FILE = YES;
				INFOPLIST_KEY_NSHumanReadableCopyright = "";
				LD_RUNPATH_SEARCH_PATHS = (
					"$(inherited)",
					"@executable_path/../Frameworks",
				);
				MACOSX_DEPLOYMENT_TARGET = 12.1;
				MARKETING_VERSION = 1.0;
				PRODUCT_BUNDLE_IDENTIFIER = com.Mapp.SimpleColorPicker;
				PRODUCT_NAME = SimpleColorPicker;
				SDKROOT = macosx;
				SWIFT_EMIT_LOC_STRINGS = YES;
				SWIFT_VERSION = 5.0;
			};
			name = Debug;
		};
		5F671D7F27A6B3C5001C002F /* Release */ = {
			isa = XCBuildConfiguration;
			buildSettings = {
				ASSETCATALOG_COMPILER_APPICON_NAME = AppIcon;
				ASSETCATALOG_COMPILER_GLOBAL_ACCENT_COLOR_NAME = AccentColor;
				CODE_SIGN_ENTITLEMENTS = macOS/macOS.entitlements;
				CODE_SIGN_STYLE = Automatic;
				COMBINE_HIDPI_IMAGES = YES;
				CURRENT_PROJECT_VERSION = 1;
				DEVELOPMENT_TEAM = C6B54RTAJZ;
				ENABLE_HARDENED_RUNTIME = YES;
				ENABLE_PREVIEWS = YES;
				GENERATE_INFOPLIST_FILE = YES;
				INFOPLIST_KEY_NSHumanReadableCopyright = "";
				LD_RUNPATH_SEARCH_PATHS = (
					"$(inherited)",
					"@executable_path/../Frameworks",
				);
				MACOSX_DEPLOYMENT_TARGET = 12.1;
				MARKETING_VERSION = 1.0;
				PRODUCT_BUNDLE_IDENTIFIER = com.Mapp.SimpleColorPicker;
				PRODUCT_NAME = SimpleColorPicker;
				SDKROOT = macosx;
				SWIFT_EMIT_LOC_STRINGS = YES;
				SWIFT_VERSION = 5.0;
			};
			name = Release;
		};
/* End XCBuildConfiguration section */

/* Begin XCConfigurationList section */
		5F671D6027A6B3C4001C002F /* Build configuration list for PBXProject "SimpleColorPicker" */ = {
			isa = XCConfigurationList;
			buildConfigurations = (
				5F671D7827A6B3C5001C002F /* Debug */,
				5F671D7927A6B3C5001C002F /* Release */,
			);
			defaultConfigurationIsVisible = 0;
			defaultConfigurationName = Release;
		};
		5F671D7A27A6B3C5001C002F /* Build configuration list for PBXNativeTarget "SimpleColorPicker (iOS)" */ = {
			isa = XCConfigurationList;
			buildConfigurations = (
				5F671D7B27A6B3C5001C002F /* Debug */,
				5F671D7C27A6B3C5001C002F /* Release */,
			);
			defaultConfigurationIsVisible = 0;
			defaultConfigurationName = Release;
		};
		5F671D7D27A6B3C5001C002F /* Build configuration list for PBXNativeTarget "SimpleColorPicker (macOS)" */ = {
			isa = XCConfigurationList;
			buildConfigurations = (
				5F671D7E27A6B3C5001C002F /* Debug */,
				5F671D7F27A6B3C5001C002F /* Release */,
			);
			defaultConfigurationIsVisible = 0;
			defaultConfigurationName = Release;
		};
/* End XCConfigurationList section */
	};
	rootObject = 5F671D5D27A6B3C4001C002F /* Project object */;
}
